// !$*UTF8*$!
{
	archiveVersion = 1;
	classes = {
	};
	objectVersion = 77;
	objects = {

/* Begin PBXBuildFile section */
		4910059B2F10575300896DDF /* PlannerUI.framework in Frameworks */ = {isa = PBXBuildFile; fileRef = 491005922F10575200896DDF /* PlannerUI.framework */; };
		493289692F1EC08200F8FF2E /* PlannerKit.framework in Frameworks */ = {isa = PBXBuildFile; fileRef = 4952C75F2F0C7C9900BFFB49 /* PlannerKit.framework */; };
		4952C73F2F0BF6AB00BFFB49 /* PlansUI.framework in Frameworks */ = {isa = PBXBuildFile; fileRef = 4952C7362F0BF6AB00BFFB49 /* PlansUI.framework */; };
		4952C7492F0BF6AB00BFFB49 /* PlansUI.framework in Frameworks */ = {isa = PBXBuildFile; fileRef = 4952C7362F0BF6AB00BFFB49 /* PlansUI.framework */; };
		4952C74A2F0BF6AB00BFFB49 /* PlansUI.framework in Embed Frameworks */ = {isa = PBXBuildFile; fileRef = 4952C7362F0BF6AB00BFFB49 /* PlansUI.framework */; settings = {ATTRIBUTES = (CodeSignOnCopy, RemoveHeadersOnCopy, ); }; };
		495FB9952F19595300154BF5 /* Collections in Frameworks */ = {isa = PBXBuildFile; productRef = 495FB9942F19595300154BF5 /* Collections */; };
		49DCA0EA2F0A65BC00274F58 /* .swift-format in Resources */ = {isa = PBXBuildFile; fileRef = 49DCA0E82F0A65B700274F58 /* .swift-format */; };
		49DCA0EC2F0A669700274F58 /* .gitignore in Sources */ = {isa = PBXBuildFile; fileRef = 49DCA0EB2F0A669000274F58 /* .gitignore */; };
		49DCA0FB2F0A679100274F58 /* CorePlanner.framework in Frameworks */ = {isa = PBXBuildFile; fileRef = 49DCA0F22F0A679100274F58 /* CorePlanner.framework */; };
/* End PBXBuildFile section */

/* Begin PBXContainerItemProxy section */
		4901139C2F0DF87F005A8EAC /* PBXContainerItemProxy */ = {
			isa = PBXContainerItemProxy;
			containerPortal = 49DCA0C62F0A60F200274F58 /* Project object */;
			proxyType = 1;
			remoteGlobalIDString = 4952C75E2F0C7C9900BFFB49;
			remoteInfo = PlannerToolkit;
		};
		4910059C2F10575300896DDF /* PBXContainerItemProxy */ = {
			isa = PBXContainerItemProxy;
			containerPortal = 49DCA0C62F0A60F200274F58 /* Project object */;
			proxyType = 1;
			remoteGlobalIDString = 491005912F10575200896DDF;
			remoteInfo = PlannerUI;
		};
		491005A72F10577400896DDF /* PBXContainerItemProxy */ = {
			isa = PBXContainerItemProxy;
			containerPortal = 49DCA0C62F0A60F200274F58 /* Project object */;
			proxyType = 1;
			remoteGlobalIDString = 491005912F10575200896DDF;
			remoteInfo = PlannerUI;
		};
		491005AF2F105C9600896DDF /* PBXContainerItemProxy */ = {
			isa = PBXContainerItemProxy;
			containerPortal = 49DCA0C62F0A60F200274F58 /* Project object */;
			proxyType = 1;
			remoteGlobalIDString = 4952C75E2F0C7C9900BFFB49;
			remoteInfo = PlannerToolkit;
		};
		4932896B2F1EC08200F8FF2E /* PBXContainerItemProxy */ = {
			isa = PBXContainerItemProxy;
			containerPortal = 49DCA0C62F0A60F200274F58 /* Project object */;
			proxyType = 1;
			remoteGlobalIDString = 4952C75E2F0C7C9900BFFB49;
			remoteInfo = PlannerKit;
		};
		4952C7402F0BF6AB00BFFB49 /* PBXContainerItemProxy */ = {
			isa = PBXContainerItemProxy;
			containerPortal = 49DCA0C62F0A60F200274F58 /* Project object */;
			proxyType = 1;
			remoteGlobalIDString = 4952C7352F0BF6AB00BFFB49;
			remoteInfo = GoalsKit;
		};
		4952C7422F0BF6AB00BFFB49 /* PBXContainerItemProxy */ = {
			isa = PBXContainerItemProxy;
			containerPortal = 49DCA0C62F0A60F200274F58 /* Project object */;
			proxyType = 1;
			remoteGlobalIDString = 49DCA0CD2F0A60F200274F58;
			remoteInfo = Pragma;
		};
		4952C7472F0BF6AB00BFFB49 /* PBXContainerItemProxy */ = {
			isa = PBXContainerItemProxy;
			containerPortal = 49DCA0C62F0A60F200274F58 /* Project object */;
			proxyType = 1;
			remoteGlobalIDString = 4952C7352F0BF6AB00BFFB49;
			remoteInfo = GoalsKit;
		};
		4952C77C2F0C7D5A00BFFB49 /* PBXContainerItemProxy */ = {
			isa = PBXContainerItemProxy;
			containerPortal = 49DCA0C62F0A60F200274F58 /* Project object */;
			proxyType = 1;
			remoteGlobalIDString = 4952C75E2F0C7C9900BFFB49;
			remoteInfo = PlannerToolkit;
		};
		4952C77E2F0C7D7000BFFB49 /* PBXContainerItemProxy */ = {
			isa = PBXContainerItemProxy;
			containerPortal = 49DCA0C62F0A60F200274F58 /* Project object */;
			proxyType = 1;
			remoteGlobalIDString = 49DCA0F12F0A679100274F58;
			remoteInfo = Planner;
		};
		4952EB7D2F107E05006D660B /* PBXContainerItemProxy */ = {
			isa = PBXContainerItemProxy;
			containerPortal = 49DCA0C62F0A60F200274F58 /* Project object */;
			proxyType = 1;
			remoteGlobalIDString = 49DCA0F12F0A679100274F58;
			remoteInfo = Planner;
		};
		4952EB8B2F1087D8006D660B /* PBXContainerItemProxy */ = {
			isa = PBXContainerItemProxy;
			containerPortal = 49DCA0C62F0A60F200274F58 /* Project object */;
			proxyType = 1;
			remoteGlobalIDString = 4952C75E2F0C7C9900BFFB49;
			remoteInfo = PlannerToolkit;
		};
		49DCA0FC2F0A679100274F58 /* PBXContainerItemProxy */ = {
			isa = PBXContainerItemProxy;
			containerPortal = 49DCA0C62F0A60F200274F58 /* Project object */;
			proxyType = 1;
			remoteGlobalIDString = 49DCA0F12F0A679100274F58;
			remoteInfo = PlannerKit;
		};
/* End PBXContainerItemProxy section */

/* Begin PBXCopyFilesBuildPhase section */
		4952C74E2F0BF6AB00BFFB49 /* Embed Frameworks */ = {
			isa = PBXCopyFilesBuildPhase;
			buildActionMask = 2147483647;
			dstPath = "";
			dstSubfolderSpec = 10;
			files = (
				4952C74A2F0BF6AB00BFFB49 /* PlansUI.framework in Embed Frameworks */,
			);
			name = "Embed Frameworks";
			runOnlyForDeploymentPostprocessing = 0;
		};
/* End PBXCopyFilesBuildPhase section */

/* Begin PBXFileReference section */
		491005922F10575200896DDF /* PlannerUI.framework */ = {isa = PBXFileReference; explicitFileType = wrapper.framework; includeInIndex = 0; path = PlannerUI.framework; sourceTree = BUILT_PRODUCTS_DIR; };
		4910059A2F10575300896DDF /* PlannerUITests.xctest */ = {isa = PBXFileReference; explicitFileType = wrapper.cfbundle; includeInIndex = 0; path = PlannerUITests.xctest; sourceTree = BUILT_PRODUCTS_DIR; };
		4952C7362F0BF6AB00BFFB49 /* PlansUI.framework */ = {isa = PBXFileReference; explicitFileType = wrapper.framework; includeInIndex = 0; path = PlansUI.framework; sourceTree = BUILT_PRODUCTS_DIR; };
		4952C73E2F0BF6AB00BFFB49 /* PlansUITests.xctest */ = {isa = PBXFileReference; explicitFileType = wrapper.cfbundle; includeInIndex = 0; path = PlansUITests.xctest; sourceTree = BUILT_PRODUCTS_DIR; };
		4952C75F2F0C7C9900BFFB49 /* PlannerKit.framework */ = {isa = PBXFileReference; explicitFileType = wrapper.framework; includeInIndex = 0; path = PlannerKit.framework; sourceTree = BUILT_PRODUCTS_DIR; };
		4952C7672F0C7C9900BFFB49 /* PlannerKitTests.xctest */ = {isa = PBXFileReference; explicitFileType = wrapper.cfbundle; includeInIndex = 0; path = PlannerKitTests.xctest; sourceTree = BUILT_PRODUCTS_DIR; };
		495888D62F0A92A900ACB0A8 /* Pragma.xctestplan */ = {isa = PBXFileReference; lastKnownFileType = text; path = Pragma.xctestplan; sourceTree = "<group>"; };
		49DCA0CE2F0A60F200274F58 /* Pragma.app */ = {isa = PBXFileReference; explicitFileType = wrapper.application; includeInIndex = 0; path = Pragma.app; sourceTree = BUILT_PRODUCTS_DIR; };
		49DCA0E82F0A65B700274F58 /* .swift-format */ = {isa = PBXFileReference; lastKnownFileType = text; path = ".swift-format"; sourceTree = "<group>"; };
		49DCA0EB2F0A669000274F58 /* .gitignore */ = {isa = PBXFileReference; lastKnownFileType = text; path = .gitignore; sourceTree = "<group>"; };
		49DCA0F22F0A679100274F58 /* CorePlanner.framework */ = {isa = PBXFileReference; explicitFileType = wrapper.framework; includeInIndex = 0; path = CorePlanner.framework; sourceTree = BUILT_PRODUCTS_DIR; };
		49DCA0FA2F0A679100274F58 /* CorePlannerTests.xctest */ = {isa = PBXFileReference; explicitFileType = wrapper.cfbundle; includeInIndex = 0; path = CorePlannerTests.xctest; sourceTree = BUILT_PRODUCTS_DIR; };
/* End PBXFileReference section */

/* Begin PBXFileSystemSynchronizedRootGroup section */
		491005932F10575200896DDF /* PlannerUI */ = {
			isa = PBXFileSystemSynchronizedRootGroup;
			path = PlannerUI;
			sourceTree = "<group>";
		};
		4910059E2F10575300896DDF /* PlannerUITests */ = {
			isa = PBXFileSystemSynchronizedRootGroup;
			path = PlannerUITests;
			sourceTree = "<group>";
		};
		4952C7372F0BF6AB00BFFB49 /* PlansUI */ = {
			isa = PBXFileSystemSynchronizedRootGroup;
			path = PlansUI;
			sourceTree = "<group>";
		};
		4952C7602F0C7C9900BFFB49 /* PlannerKit */ = {
			isa = PBXFileSystemSynchronizedRootGroup;
			path = PlannerKit;
			sourceTree = "<group>";
		};
		4952C76B2F0C7C9900BFFB49 /* PlannerKitTests */ = {
			isa = PBXFileSystemSynchronizedRootGroup;
			path = PlannerKitTests;
			sourceTree = "<group>";
		};
		49DCA0D02F0A60F200274F58 /* Pragma */ = {
			isa = PBXFileSystemSynchronizedRootGroup;
			path = Pragma;
			sourceTree = "<group>";
		};
		49DCA0F32F0A679100274F58 /* CorePlanner */ = {
			isa = PBXFileSystemSynchronizedRootGroup;
			path = CorePlanner;
			sourceTree = "<group>";
		};
		49DCA0FE2F0A679100274F58 /* CorePlannerTests */ = {
			isa = PBXFileSystemSynchronizedRootGroup;
			path = CorePlannerTests;
			sourceTree = "<group>";
		};
/* End PBXFileSystemSynchronizedRootGroup section */

/* Begin PBXFrameworksBuildPhase section */
		4910058F2F10575200896DDF /* Frameworks */ = {
			isa = PBXFrameworksBuildPhase;
			buildActionMask = 2147483647;
			files = (
				495FB9952F19595300154BF5 /* Collections in Frameworks */,
			);
			runOnlyForDeploymentPostprocessing = 0;
		};
		491005972F10575300896DDF /* Frameworks */ = {
			isa = PBXFrameworksBuildPhase;
			buildActionMask = 2147483647;
			files = (
				4910059B2F10575300896DDF /* PlannerUI.framework in Frameworks */,
			);
			runOnlyForDeploymentPostprocessing = 0;
		};
		4952C7332F0BF6AB00BFFB49 /* Frameworks */ = {
			isa = PBXFrameworksBuildPhase;
			buildActionMask = 2147483647;
			files = (
			);
			runOnlyForDeploymentPostprocessing = 0;
		};
		4952C73B2F0BF6AB00BFFB49 /* Frameworks */ = {
			isa = PBXFrameworksBuildPhase;
			buildActionMask = 2147483647;
			files = (
				4952C73F2F0BF6AB00BFFB49 /* PlansUI.framework in Frameworks */,
			);
			runOnlyForDeploymentPostprocessing = 0;
		};
		4952C75C2F0C7C9900BFFB49 /* Frameworks */ = {
			isa = PBXFrameworksBuildPhase;
			buildActionMask = 2147483647;
			files = (
			);
			runOnlyForDeploymentPostprocessing = 0;
		};
		4952C7642F0C7C9900BFFB49 /* Frameworks */ = {
			isa = PBXFrameworksBuildPhase;
			buildActionMask = 2147483647;
			files = (
				493289692F1EC08200F8FF2E /* PlannerKit.framework in Frameworks */,
			);
			runOnlyForDeploymentPostprocessing = 0;
		};
		49DCA0CB2F0A60F200274F58 /* Frameworks */ = {
			isa = PBXFrameworksBuildPhase;
			buildActionMask = 2147483647;
			files = (
				4952C7492F0BF6AB00BFFB49 /* PlansUI.framework in Frameworks */,
			);
			runOnlyForDeploymentPostprocessing = 0;
		};
		49DCA0EF2F0A679100274F58 /* Frameworks */ = {
			isa = PBXFrameworksBuildPhase;
			buildActionMask = 2147483647;
			files = (
			);
			runOnlyForDeploymentPostprocessing = 0;
		};
		49DCA0F72F0A679100274F58 /* Frameworks */ = {
			isa = PBXFrameworksBuildPhase;
			buildActionMask = 2147483647;
			files = (
				49DCA0FB2F0A679100274F58 /* CorePlanner.framework in Frameworks */,
			);
			runOnlyForDeploymentPostprocessing = 0;
		};
/* End PBXFrameworksBuildPhase section */

/* Begin PBXGroup section */
		4932895F2F1E384D00F8FF2E /* Frameworks */ = {
			isa = PBXGroup;
			children = (
				493289602F1E384D00F8FF2E /* CoreData.framework */,
			);
			name = Frameworks;
			sourceTree = "<group>";
		};
		49DCA0C52F0A60F200274F58 = {
			isa = PBXGroup;
			children = (
				495888D62F0A92A900ACB0A8 /* Pragma.xctestplan */,
				49DCA0D02F0A60F200274F58 /* Pragma */,
				49DCA0F32F0A679100274F58 /* CorePlanner */,
				49DCA0FE2F0A679100274F58 /* CorePlannerTests */,
				4952C7372F0BF6AB00BFFB49 /* PlansUI */,
				4952C7602F0C7C9900BFFB49 /* PlannerKit */,
				4952C76B2F0C7C9900BFFB49 /* PlannerKitTests */,
				491005932F10575200896DDF /* PlannerUI */,
				4910059E2F10575300896DDF /* PlannerUITests */,
				49DCA0CF2F0A60F200274F58 /* Products */,
				49DCA0E82F0A65B700274F58 /* .swift-format */,
				49DCA0EB2F0A669000274F58 /* .gitignore */,
				4932895F2F1E384D00F8FF2E /* Frameworks */,
			);
			sourceTree = "<group>";
		};
		49DCA0CF2F0A60F200274F58 /* Products */ = {
			isa = PBXGroup;
			children = (
				49DCA0CE2F0A60F200274F58 /* Pragma.app */,
				49DCA0F22F0A679100274F58 /* CorePlanner.framework */,
				49DCA0FA2F0A679100274F58 /* CorePlannerTests.xctest */,
				4952C7362F0BF6AB00BFFB49 /* PlansUI.framework */,
				4952C73E2F0BF6AB00BFFB49 /* PlansUITests.xctest */,
				4952C75F2F0C7C9900BFFB49 /* PlannerKit.framework */,
				4952C7672F0C7C9900BFFB49 /* PlannerKitTests.xctest */,
				491005922F10575200896DDF /* PlannerUI.framework */,
				4910059A2F10575300896DDF /* PlannerUITests.xctest */,
			);
			name = Products;
			sourceTree = "<group>";
		};
/* End PBXGroup section */

/* Begin PBXHeadersBuildPhase section */
		4910058D2F10575200896DDF /* Headers */ = {
			isa = PBXHeadersBuildPhase;
			buildActionMask = 2147483647;
			files = (
			);
			runOnlyForDeploymentPostprocessing = 0;
		};
		4952C7312F0BF6AB00BFFB49 /* Headers */ = {
			isa = PBXHeadersBuildPhase;
			buildActionMask = 2147483647;
			files = (
			);
			runOnlyForDeploymentPostprocessing = 0;
		};
		4952C75A2F0C7C9900BFFB49 /* Headers */ = {
			isa = PBXHeadersBuildPhase;
			buildActionMask = 2147483647;
			files = (
			);
			runOnlyForDeploymentPostprocessing = 0;
		};
		49DCA0ED2F0A679100274F58 /* Headers */ = {
			isa = PBXHeadersBuildPhase;
			buildActionMask = 2147483647;
			files = (
			);
			runOnlyForDeploymentPostprocessing = 0;
		};
/* End PBXHeadersBuildPhase section */

/* Begin PBXNativeTarget section */
		491005912F10575200896DDF /* PlannerUI */ = {
			isa = PBXNativeTarget;
			buildConfigurationList = 491005A52F10575300896DDF /* Build configuration list for PBXNativeTarget "PlannerUI" */;
			buildPhases = (
				4910058D2F10575200896DDF /* Headers */,
				4910058E2F10575200896DDF /* Sources */,
				4910058F2F10575200896DDF /* Frameworks */,
				491005902F10575200896DDF /* Resources */,
			);
			buildRules = (
			);
			dependencies = (
				4952EB8C2F1087D8006D660B /* PBXTargetDependency */,
				4952EB7E2F107E05006D660B /* PBXTargetDependency */,
			);
			fileSystemSynchronizedGroups = (
				491005932F10575200896DDF /* PlannerUI */,
			);
			name = PlannerUI;
			packageProductDependencies = (
				495FB9942F19595300154BF5 /* Collections */,
			);
			productName = PlannerUI;
			productReference = 491005922F10575200896DDF /* PlannerUI.framework */;
			productType = "com.apple.product-type.framework";
		};
		491005992F10575300896DDF /* PlannerUITests */ = {
			isa = PBXNativeTarget;
			buildConfigurationList = 491005A62F10575300896DDF /* Build configuration list for PBXNativeTarget "PlannerUITests" */;
			buildPhases = (
				491005962F10575300896DDF /* Sources */,
				491005972F10575300896DDF /* Frameworks */,
				491005982F10575300896DDF /* Resources */,
			);
			buildRules = (
			);
			dependencies = (
				491005B02F105C9600896DDF /* PBXTargetDependency */,
				4910059D2F10575300896DDF /* PBXTargetDependency */,
			);
			fileSystemSynchronizedGroups = (
				4910059E2F10575300896DDF /* PlannerUITests */,
			);
			name = PlannerUITests;
			packageProductDependencies = (
			);
			productName = PlannerUITests;
			productReference = 4910059A2F10575300896DDF /* PlannerUITests.xctest */;
			productType = "com.apple.product-type.bundle.unit-test";
		};
		4952C7352F0BF6AB00BFFB49 /* PlansUI */ = {
			isa = PBXNativeTarget;
			buildConfigurationList = 4952C74B2F0BF6AB00BFFB49 /* Build configuration list for PBXNativeTarget "PlansUI" */;
			buildPhases = (
				4952C7312F0BF6AB00BFFB49 /* Headers */,
				4952C7322F0BF6AB00BFFB49 /* Sources */,
				4952C7332F0BF6AB00BFFB49 /* Frameworks */,
				4952C7342F0BF6AB00BFFB49 /* Resources */,
			);
			buildRules = (
			);
			dependencies = (
				491005A82F10577400896DDF /* PBXTargetDependency */,
				4952C77D2F0C7D5A00BFFB49 /* PBXTargetDependency */,
			);
			fileSystemSynchronizedGroups = (
				4952C7372F0BF6AB00BFFB49 /* PlansUI */,
			);
			name = PlansUI;
			packageProductDependencies = (
			);
			productName = GoalsKit;
			productReference = 4952C7362F0BF6AB00BFFB49 /* PlansUI.framework */;
			productType = "com.apple.product-type.framework";
		};
		4952C73D2F0BF6AB00BFFB49 /* PlansUITests */ = {
			isa = PBXNativeTarget;
			buildConfigurationList = 4952C74F2F0BF6AB00BFFB49 /* Build configuration list for PBXNativeTarget "PlansUITests" */;
			buildPhases = (
				4952C73A2F0BF6AB00BFFB49 /* Sources */,
				4952C73B2F0BF6AB00BFFB49 /* Frameworks */,
				4952C73C2F0BF6AB00BFFB49 /* Resources */,
			);
			buildRules = (
			);
			dependencies = (
				4952C7412F0BF6AB00BFFB49 /* PBXTargetDependency */,
				4952C7432F0BF6AB00BFFB49 /* PBXTargetDependency */,
			);
			name = PlansUITests;
			packageProductDependencies = (
			);
			productName = GoalsKitTests;
			productReference = 4952C73E2F0BF6AB00BFFB49 /* PlansUITests.xctest */;
			productType = "com.apple.product-type.bundle.unit-test";
		};
		4952C75E2F0C7C9900BFFB49 /* PlannerKit */ = {
			isa = PBXNativeTarget;
			buildConfigurationList = 4952C76E2F0C7C9900BFFB49 /* Build configuration list for PBXNativeTarget "PlannerKit" */;
			buildPhases = (
				4952C75A2F0C7C9900BFFB49 /* Headers */,
				4952C75B2F0C7C9900BFFB49 /* Sources */,
				4952C75C2F0C7C9900BFFB49 /* Frameworks */,
				4952C75D2F0C7C9900BFFB49 /* Resources */,
			);
			buildRules = (
			);
			dependencies = (
				4952C77F2F0C7D7000BFFB49 /* PBXTargetDependency */,
			);
			fileSystemSynchronizedGroups = (
				4952C7602F0C7C9900BFFB49 /* PlannerKit */,
			);
			name = PlannerKit;
			packageProductDependencies = (
			);
			productName = PlannerToolkit;
			productReference = 4952C75F2F0C7C9900BFFB49 /* PlannerKit.framework */;
			productType = "com.apple.product-type.framework";
		};
		4952C7662F0C7C9900BFFB49 /* PlannerKitTests */ = {
			isa = PBXNativeTarget;
			buildConfigurationList = 4952C7712F0C7C9900BFFB49 /* Build configuration list for PBXNativeTarget "PlannerKitTests" */;
			buildPhases = (
				4952C7632F0C7C9900BFFB49 /* Sources */,
				4952C7642F0C7C9900BFFB49 /* Frameworks */,
				4952C7652F0C7C9900BFFB49 /* Resources */,
				4932896D2F1EC08200F8FF2E /* Embed Frameworks */,
			);
			buildRules = (
			);
			dependencies = (
				4932896C2F1EC08200F8FF2E /* PBXTargetDependency */,
			);
			fileSystemSynchronizedGroups = (
				4952C76B2F0C7C9900BFFB49 /* PlannerKitTests */,
			);
			name = PlannerKitTests;
			packageProductDependencies = (
			);
			productName = PlannerToolkitTests;
			productReference = 4952C7672F0C7C9900BFFB49 /* PlannerKitTests.xctest */;
			productType = "com.apple.product-type.bundle.unit-test";
		};
		49DCA0CD2F0A60F200274F58 /* Pragma */ = {
			isa = PBXNativeTarget;
			buildConfigurationList = 49DCA0D92F0A60F300274F58 /* Build configuration list for PBXNativeTarget "Pragma" */;
			buildPhases = (
				49DCA0CA2F0A60F200274F58 /* Sources */,
				49DCA0CB2F0A60F200274F58 /* Frameworks */,
				49DCA0CC2F0A60F200274F58 /* Resources */,
				4952C74E2F0BF6AB00BFFB49 /* Embed Frameworks */,
			);
			buildRules = (
			);
			dependencies = (
				4901139D2F0DF87F005A8EAC /* PBXTargetDependency */,
				4952C7482F0BF6AB00BFFB49 /* PBXTargetDependency */,
			);
			fileSystemSynchronizedGroups = (
				49DCA0D02F0A60F200274F58 /* Pragma */,
			);
			name = Pragma;
			packageProductDependencies = (
			);
			productName = Pragma;
			productReference = 49DCA0CE2F0A60F200274F58 /* Pragma.app */;
			productType = "com.apple.product-type.application";
		};
		49DCA0F12F0A679100274F58 /* CorePlanner */ = {
			isa = PBXNativeTarget;
			buildConfigurationList = 49DCA1012F0A679100274F58 /* Build configuration list for PBXNativeTarget "CorePlanner" */;
			buildPhases = (
				49DCA0ED2F0A679100274F58 /* Headers */,
				49DCA0EE2F0A679100274F58 /* Sources */,
				49DCA0EF2F0A679100274F58 /* Frameworks */,
				49DCA0F02F0A679100274F58 /* Resources */,
			);
			buildRules = (
			);
			dependencies = (
			);
			fileSystemSynchronizedGroups = (
				49DCA0F32F0A679100274F58 /* CorePlanner */,
			);
			name = CorePlanner;
			packageProductDependencies = (
			);
			productName = PlannerKit;
			productReference = 49DCA0F22F0A679100274F58 /* CorePlanner.framework */;
			productType = "com.apple.product-type.framework";
		};
		49DCA0F92F0A679100274F58 /* CorePlannerTests */ = {
			isa = PBXNativeTarget;
			buildConfigurationList = 49DCA1042F0A679100274F58 /* Build configuration list for PBXNativeTarget "CorePlannerTests" */;
			buildPhases = (
				49DCA0F62F0A679100274F58 /* Sources */,
				49DCA0F72F0A679100274F58 /* Frameworks */,
				49DCA0F82F0A679100274F58 /* Resources */,
			);
			buildRules = (
			);
			dependencies = (
				49DCA0FD2F0A679100274F58 /* PBXTargetDependency */,
			);
			fileSystemSynchronizedGroups = (
				49DCA0FE2F0A679100274F58 /* CorePlannerTests */,
			);
			name = CorePlannerTests;
			packageProductDependencies = (
			);
			productName = PlannerKitTests;
			productReference = 49DCA0FA2F0A679100274F58 /* CorePlannerTests.xctest */;
			productType = "com.apple.product-type.bundle.unit-test";
		};
/* End PBXNativeTarget section */

/* Begin PBXProject section */
		49DCA0C62F0A60F200274F58 /* Project object */ = {
			isa = PBXProject;
			attributes = {
				BuildIndependentTargetsInParallel = 1;
				LastSwiftUpdateCheck = 2620;
				LastUpgradeCheck = 2620;
				ORGANIZATIONNAME = "Jean Silva";
				TargetAttributes = {
					491005912F10575200896DDF = {
						CreatedOnToolsVersion = 26.2;
					};
					491005992F10575300896DDF = {
						CreatedOnToolsVersion = 26.2;
						LastSwiftMigration = 2620;
					};
					4952C7352F0BF6AB00BFFB49 = {
						CreatedOnToolsVersion = 26.2;
					};
					4952C73D2F0BF6AB00BFFB49 = {
						CreatedOnToolsVersion = 26.2;
						TestTargetID = 49DCA0CD2F0A60F200274F58;
					};
					4952C75E2F0C7C9900BFFB49 = {
						CreatedOnToolsVersion = 26.2;
					};
					4952C7662F0C7C9900BFFB49 = {
						CreatedOnToolsVersion = 26.2;
					};
					49DCA0CD2F0A60F200274F58 = {
						CreatedOnToolsVersion = 26.2;
					};
					49DCA0F12F0A679100274F58 = {
						CreatedOnToolsVersion = 26.2;
					};
					49DCA0F92F0A679100274F58 = {
						CreatedOnToolsVersion = 26.2;
					};
				};
			};
			buildConfigurationList = 49DCA0C92F0A60F200274F58 /* Build configuration list for PBXProject "Pragma" */;
			developmentRegion = en;
			hasScannedForEncodings = 0;
			knownRegions = (
				en,
				Base,
			);
			mainGroup = 49DCA0C52F0A60F200274F58;
			minimizedProjectReferenceProxies = 1;
			packageReferences = (
				495FB9932F19595300154BF5 /* XCRemoteSwiftPackageReference "swift-collections" */,
			);
			preferredProjectObjectVersion = 77;
			productRefGroup = 49DCA0CF2F0A60F200274F58 /* Products */;
			projectDirPath = "";
			projectRoot = "";
			targets = (
				49DCA0CD2F0A60F200274F58 /* Pragma */,
				49DCA0F12F0A679100274F58 /* CorePlanner */,
				49DCA0F92F0A679100274F58 /* CorePlannerTests */,
				4952C7352F0BF6AB00BFFB49 /* PlansUI */,
				4952C73D2F0BF6AB00BFFB49 /* PlansUITests */,
				4952C75E2F0C7C9900BFFB49 /* PlannerKit */,
				4952C7662F0C7C9900BFFB49 /* PlannerKitTests */,
				491005912F10575200896DDF /* PlannerUI */,
				491005992F10575300896DDF /* PlannerUITests */,
			);
		};
/* End PBXProject section */

/* Begin PBXResourcesBuildPhase section */
		491005902F10575200896DDF /* Resources */ = {
			isa = PBXResourcesBuildPhase;
			buildActionMask = 2147483647;
			files = (
			);
			runOnlyForDeploymentPostprocessing = 0;
		};
		491005982F10575300896DDF /* Resources */ = {
			isa = PBXResourcesBuildPhase;
			buildActionMask = 2147483647;
			files = (
			);
			runOnlyForDeploymentPostprocessing = 0;
		};
		4952C7342F0BF6AB00BFFB49 /* Resources */ = {
			isa = PBXResourcesBuildPhase;
			buildActionMask = 2147483647;
			files = (
			);
			runOnlyForDeploymentPostprocessing = 0;
		};
		4952C73C2F0BF6AB00BFFB49 /* Resources */ = {
			isa = PBXResourcesBuildPhase;
			buildActionMask = 2147483647;
			files = (
			);
			runOnlyForDeploymentPostprocessing = 0;
		};
		4952C75D2F0C7C9900BFFB49 /* Resources */ = {
			isa = PBXResourcesBuildPhase;
			buildActionMask = 2147483647;
			files = (
			);
			runOnlyForDeploymentPostprocessing = 0;
		};
		4952C7652F0C7C9900BFFB49 /* Resources */ = {
			isa = PBXResourcesBuildPhase;
			buildActionMask = 2147483647;
			files = (
			);
			runOnlyForDeploymentPostprocessing = 0;
		};
		49DCA0CC2F0A60F200274F58 /* Resources */ = {
			isa = PBXResourcesBuildPhase;
			buildActionMask = 2147483647;
			files = (
				49DCA0EA2F0A65BC00274F58 /* .swift-format in Resources */,
			);
			runOnlyForDeploymentPostprocessing = 0;
		};
		49DCA0F02F0A679100274F58 /* Resources */ = {
			isa = PBXResourcesBuildPhase;
			buildActionMask = 2147483647;
			files = (
			);
			runOnlyForDeploymentPostprocessing = 0;
		};
		49DCA0F82F0A679100274F58 /* Resources */ = {
			isa = PBXResourcesBuildPhase;
			buildActionMask = 2147483647;
			files = (
			);
			runOnlyForDeploymentPostprocessing = 0;
		};
/* End PBXResourcesBuildPhase section */

/* Begin PBXSourcesBuildPhase section */
		4910058E2F10575200896DDF /* Sources */ = {
			isa = PBXSourcesBuildPhase;
			buildActionMask = 2147483647;
			files = (
			);
			runOnlyForDeploymentPostprocessing = 0;
		};
		491005962F10575300896DDF /* Sources */ = {
			isa = PBXSourcesBuildPhase;
			buildActionMask = 2147483647;
			files = (
			);
			runOnlyForDeploymentPostprocessing = 0;
		};
		4952C7322F0BF6AB00BFFB49 /* Sources */ = {
			isa = PBXSourcesBuildPhase;
			buildActionMask = 2147483647;
			files = (
			);
			runOnlyForDeploymentPostprocessing = 0;
		};
		4952C73A2F0BF6AB00BFFB49 /* Sources */ = {
			isa = PBXSourcesBuildPhase;
			buildActionMask = 2147483647;
			files = (
			);
			runOnlyForDeploymentPostprocessing = 0;
		};
		4952C75B2F0C7C9900BFFB49 /* Sources */ = {
			isa = PBXSourcesBuildPhase;
			buildActionMask = 2147483647;
			files = (
			);
			runOnlyForDeploymentPostprocessing = 0;
		};
		4952C7632F0C7C9900BFFB49 /* Sources */ = {
			isa = PBXSourcesBuildPhase;
			buildActionMask = 2147483647;
			files = (
			);
			runOnlyForDeploymentPostprocessing = 0;
		};
		49DCA0CA2F0A60F200274F58 /* Sources */ = {
			isa = PBXSourcesBuildPhase;
			buildActionMask = 2147483647;
			files = (
				49DCA0EC2F0A669700274F58 /* .gitignore in Sources */,
			);
			runOnlyForDeploymentPostprocessing = 0;
		};
		49DCA0EE2F0A679100274F58 /* Sources */ = {
			isa = PBXSourcesBuildPhase;
			buildActionMask = 2147483647;
			files = (
			);
			runOnlyForDeploymentPostprocessing = 0;
		};
		49DCA0F62F0A679100274F58 /* Sources */ = {
			isa = PBXSourcesBuildPhase;
			buildActionMask = 2147483647;
			files = (
			);
			runOnlyForDeploymentPostprocessing = 0;
		};
/* End PBXSourcesBuildPhase section */

/* Begin PBXTargetDependency section */
		4901139D2F0DF87F005A8EAC /* PBXTargetDependency */ = {
			isa = PBXTargetDependency;
			target = 4952C75E2F0C7C9900BFFB49 /* PlannerKit */;
			targetProxy = 4901139C2F0DF87F005A8EAC /* PBXContainerItemProxy */;
		};
		4910059D2F10575300896DDF /* PBXTargetDependency */ = {
			isa = PBXTargetDependency;
			target = 491005912F10575200896DDF /* PlannerUI */;
			targetProxy = 4910059C2F10575300896DDF /* PBXContainerItemProxy */;
		};
		491005A82F10577400896DDF /* PBXTargetDependency */ = {
			isa = PBXTargetDependency;
			target = 491005912F10575200896DDF /* PlannerUI */;
			targetProxy = 491005A72F10577400896DDF /* PBXContainerItemProxy */;
		};
		491005B02F105C9600896DDF /* PBXTargetDependency */ = {
			isa = PBXTargetDependency;
			target = 4952C75E2F0C7C9900BFFB49 /* PlannerKit */;
			targetProxy = 491005AF2F105C9600896DDF /* PBXContainerItemProxy */;
		};
		4932896C2F1EC08200F8FF2E /* PBXTargetDependency */ = {
			isa = PBXTargetDependency;
			target = 4952C75E2F0C7C9900BFFB49 /* PlannerKit */;
			targetProxy = 4932896B2F1EC08200F8FF2E /* PBXContainerItemProxy */;
		};
		4952C7412F0BF6AB00BFFB49 /* PBXTargetDependency */ = {
			isa = PBXTargetDependency;
			target = 4952C7352F0BF6AB00BFFB49 /* PlansUI */;
			targetProxy = 4952C7402F0BF6AB00BFFB49 /* PBXContainerItemProxy */;
		};
		4952C7432F0BF6AB00BFFB49 /* PBXTargetDependency */ = {
			isa = PBXTargetDependency;
			target = 49DCA0CD2F0A60F200274F58 /* Pragma */;
			targetProxy = 4952C7422F0BF6AB00BFFB49 /* PBXContainerItemProxy */;
		};
		4952C7482F0BF6AB00BFFB49 /* PBXTargetDependency */ = {
			isa = PBXTargetDependency;
			target = 4952C7352F0BF6AB00BFFB49 /* PlansUI */;
			targetProxy = 4952C7472F0BF6AB00BFFB49 /* PBXContainerItemProxy */;
		};
		4952C77D2F0C7D5A00BFFB49 /* PBXTargetDependency */ = {
			isa = PBXTargetDependency;
			target = 4952C75E2F0C7C9900BFFB49 /* PlannerKit */;
			targetProxy = 4952C77C2F0C7D5A00BFFB49 /* PBXContainerItemProxy */;
		};
		4952C77F2F0C7D7000BFFB49 /* PBXTargetDependency */ = {
			isa = PBXTargetDependency;
			target = 49DCA0F12F0A679100274F58 /* CorePlanner */;
			targetProxy = 4952C77E2F0C7D7000BFFB49 /* PBXContainerItemProxy */;
		};
		4952EB7E2F107E05006D660B /* PBXTargetDependency */ = {
			isa = PBXTargetDependency;
			target = 49DCA0F12F0A679100274F58 /* CorePlanner */;
			targetProxy = 4952EB7D2F107E05006D660B /* PBXContainerItemProxy */;
		};
		4952EB8C2F1087D8006D660B /* PBXTargetDependency */ = {
			isa = PBXTargetDependency;
			target = 4952C75E2F0C7C9900BFFB49 /* PlannerKit */;
			targetProxy = 4952EB8B2F1087D8006D660B /* PBXContainerItemProxy */;
		};
		49DCA0FD2F0A679100274F58 /* PBXTargetDependency */ = {
			isa = PBXTargetDependency;
			target = 49DCA0F12F0A679100274F58 /* CorePlanner */;
			targetProxy = 49DCA0FC2F0A679100274F58 /* PBXContainerItemProxy */;
		};
/* End PBXTargetDependency section */

/* Begin XCBuildConfiguration section */
		491005A12F10575300896DDF /* Debug */ = {
			isa = XCBuildConfiguration;
			buildSettings = {
				BUILD_LIBRARY_FOR_DISTRIBUTION = YES;
				CODE_SIGN_STYLE = Automatic;
				COMBINE_HIDPI_IMAGES = YES;
				CURRENT_PROJECT_VERSION = 1;
				DEVELOPMENT_TEAM = X5FKTSKM38;
				DYLIB_COMPATIBILITY_VERSION = 1;
				DYLIB_CURRENT_VERSION = 1;
				DYLIB_INSTALL_NAME_BASE = "@rpath";
				ENABLE_MODULE_VERIFIER = YES;
				GENERATE_INFOPLIST_FILE = YES;
				INFOPLIST_KEY_NSHumanReadableCopyright = "Copyright © 2026 Jean Silva. All rights reserved.";
				INSTALL_PATH = "$(LOCAL_LIBRARY_DIR)/Frameworks";
				LD_RUNPATH_SEARCH_PATHS = (
					"$(inherited)",
					"@executable_path/../Frameworks",
					"@loader_path/Frameworks",
				);
				MARKETING_VERSION = 1.0;
				MODULE_VERIFIER_SUPPORTED_LANGUAGES = "objective-c objective-c++";
				MODULE_VERIFIER_SUPPORTED_LANGUAGE_STANDARDS = "gnu17 gnu++20";
				PRODUCT_BUNDLE_IDENTIFIER = com.jeanbarrossilva.pragma.PlannerUI;
				PRODUCT_NAME = "$(TARGET_NAME:c99extidentifier)";
				SKIP_INSTALL = YES;
				STRING_CATALOG_GENERATE_SYMBOLS = YES;
				SWIFT_APPROACHABLE_CONCURRENCY = YES;
				SWIFT_EMIT_LOC_STRINGS = YES;
				SWIFT_INSTALL_MODULE = YES;
				SWIFT_INSTALL_OBJC_HEADER = NO;
				SWIFT_UPCOMING_FEATURE_MEMBER_IMPORT_VISIBILITY = YES;
				SWIFT_VERSION = 5.0;
				VERSIONING_SYSTEM = "apple-generic";
				VERSION_INFO_PREFIX = "";
			};
			name = Debug;
		};
		491005A22F10575300896DDF /* Release */ = {
			isa = XCBuildConfiguration;
			buildSettings = {
				BUILD_LIBRARY_FOR_DISTRIBUTION = YES;
				CODE_SIGN_STYLE = Automatic;
				COMBINE_HIDPI_IMAGES = YES;
				CURRENT_PROJECT_VERSION = 1;
				DEVELOPMENT_TEAM = X5FKTSKM38;
				DYLIB_COMPATIBILITY_VERSION = 1;
				DYLIB_CURRENT_VERSION = 1;
				DYLIB_INSTALL_NAME_BASE = "@rpath";
				ENABLE_MODULE_VERIFIER = YES;
				GENERATE_INFOPLIST_FILE = YES;
				INFOPLIST_KEY_NSHumanReadableCopyright = "Copyright © 2026 Jean Silva. All rights reserved.";
				INSTALL_PATH = "$(LOCAL_LIBRARY_DIR)/Frameworks";
				LD_RUNPATH_SEARCH_PATHS = (
					"$(inherited)",
					"@executable_path/../Frameworks",
					"@loader_path/Frameworks",
				);
				MARKETING_VERSION = 1.0;
				MODULE_VERIFIER_SUPPORTED_LANGUAGES = "objective-c objective-c++";
				MODULE_VERIFIER_SUPPORTED_LANGUAGE_STANDARDS = "gnu17 gnu++20";
				PRODUCT_BUNDLE_IDENTIFIER = com.jeanbarrossilva.pragma.PlannerUI;
				PRODUCT_NAME = "$(TARGET_NAME:c99extidentifier)";
				SKIP_INSTALL = YES;
				STRING_CATALOG_GENERATE_SYMBOLS = YES;
				SWIFT_APPROACHABLE_CONCURRENCY = YES;
				SWIFT_EMIT_LOC_STRINGS = YES;
				SWIFT_INSTALL_MODULE = YES;
				SWIFT_INSTALL_OBJC_HEADER = NO;
				SWIFT_UPCOMING_FEATURE_MEMBER_IMPORT_VISIBILITY = YES;
				SWIFT_VERSION = 5.0;
				VERSIONING_SYSTEM = "apple-generic";
				VERSION_INFO_PREFIX = "";
			};
			name = Release;
		};
		491005A32F10575300896DDF /* Debug */ = {
			isa = XCBuildConfiguration;
			buildSettings = {
				CLANG_ENABLE_MODULES = YES;
				CODE_SIGN_STYLE = Automatic;
				CURRENT_PROJECT_VERSION = 1;
				DEVELOPMENT_TEAM = X5FKTSKM38;
				GENERATE_INFOPLIST_FILE = YES;
				MARKETING_VERSION = 1.0;
				PRODUCT_BUNDLE_IDENTIFIER = com.jeanbarrossilva.pragma.PlannerUITests;
				PRODUCT_NAME = "$(TARGET_NAME)";
				STRING_CATALOG_GENERATE_SYMBOLS = NO;
				SWIFT_APPROACHABLE_CONCURRENCY = YES;
				SWIFT_EMIT_LOC_STRINGS = NO;
				SWIFT_OPTIMIZATION_LEVEL = "-Onone";
				SWIFT_UPCOMING_FEATURE_MEMBER_IMPORT_VISIBILITY = YES;
				SWIFT_VERSION = 5.0;
			};
			name = Debug;
		};
		491005A42F10575300896DDF /* Release */ = {
			isa = XCBuildConfiguration;
			buildSettings = {
				CLANG_ENABLE_MODULES = YES;
				CODE_SIGN_STYLE = Automatic;
				CURRENT_PROJECT_VERSION = 1;
				DEVELOPMENT_TEAM = X5FKTSKM38;
				GENERATE_INFOPLIST_FILE = YES;
				MARKETING_VERSION = 1.0;
				PRODUCT_BUNDLE_IDENTIFIER = com.jeanbarrossilva.pragma.PlannerUITests;
				PRODUCT_NAME = "$(TARGET_NAME)";
				STRING_CATALOG_GENERATE_SYMBOLS = NO;
				SWIFT_APPROACHABLE_CONCURRENCY = YES;
				SWIFT_EMIT_LOC_STRINGS = NO;
				SWIFT_UPCOMING_FEATURE_MEMBER_IMPORT_VISIBILITY = YES;
				SWIFT_VERSION = 5.0;
			};
			name = Release;
		};
		4952C74C2F0BF6AB00BFFB49 /* Debug */ = {
			isa = XCBuildConfiguration;
			buildSettings = {
				BUILD_LIBRARY_FOR_DISTRIBUTION = YES;
				CODE_SIGN_STYLE = Automatic;
				COMBINE_HIDPI_IMAGES = YES;
				CURRENT_PROJECT_VERSION = 1;
				DEVELOPMENT_TEAM = X5FKTSKM38;
				DYLIB_COMPATIBILITY_VERSION = 1;
				DYLIB_CURRENT_VERSION = 1;
				DYLIB_INSTALL_NAME_BASE = "@rpath";
				ENABLE_MODULE_VERIFIER = YES;
				GENERATE_INFOPLIST_FILE = YES;
				INFOPLIST_KEY_NSHumanReadableCopyright = "Copyright © 2026 Jean Silva. All rights reserved.";
				INSTALL_PATH = "$(LOCAL_LIBRARY_DIR)/Frameworks";
				LD_RUNPATH_SEARCH_PATHS = (
					"$(inherited)",
					"@executable_path/../Frameworks",
					"@loader_path/Frameworks",
				);
				MARKETING_VERSION = 1.0;
				MODULE_VERIFIER_SUPPORTED_LANGUAGES = "objective-c objective-c++";
				MODULE_VERIFIER_SUPPORTED_LANGUAGE_STANDARDS = "gnu17 gnu++20";
				PRODUCT_BUNDLE_IDENTIFIER = com.jeanbarrossilva.pragma.PlansUI;
				PRODUCT_NAME = "$(TARGET_NAME:c99extidentifier)";
				SKIP_INSTALL = YES;
				STRING_CATALOG_GENERATE_SYMBOLS = YES;
				SWIFT_APPROACHABLE_CONCURRENCY = YES;
				SWIFT_EMIT_LOC_STRINGS = YES;
				SWIFT_INSTALL_MODULE = YES;
				SWIFT_INSTALL_OBJC_HEADER = NO;
				SWIFT_UPCOMING_FEATURE_MEMBER_IMPORT_VISIBILITY = YES;
				SWIFT_VERSION = 5.0;
				VERSIONING_SYSTEM = "apple-generic";
				VERSION_INFO_PREFIX = "";
			};
			name = Debug;
		};
		4952C74D2F0BF6AB00BFFB49 /* Release */ = {
			isa = XCBuildConfiguration;
			buildSettings = {
				BUILD_LIBRARY_FOR_DISTRIBUTION = YES;
				CODE_SIGN_STYLE = Automatic;
				COMBINE_HIDPI_IMAGES = YES;
				CURRENT_PROJECT_VERSION = 1;
				DEVELOPMENT_TEAM = X5FKTSKM38;
				DYLIB_COMPATIBILITY_VERSION = 1;
				DYLIB_CURRENT_VERSION = 1;
				DYLIB_INSTALL_NAME_BASE = "@rpath";
				ENABLE_MODULE_VERIFIER = YES;
				GENERATE_INFOPLIST_FILE = YES;
				INFOPLIST_KEY_NSHumanReadableCopyright = "Copyright © 2026 Jean Silva. All rights reserved.";
				INSTALL_PATH = "$(LOCAL_LIBRARY_DIR)/Frameworks";
				LD_RUNPATH_SEARCH_PATHS = (
					"$(inherited)",
					"@executable_path/../Frameworks",
					"@loader_path/Frameworks",
				);
				MARKETING_VERSION = 1.0;
				MODULE_VERIFIER_SUPPORTED_LANGUAGES = "objective-c objective-c++";
				MODULE_VERIFIER_SUPPORTED_LANGUAGE_STANDARDS = "gnu17 gnu++20";
				PRODUCT_BUNDLE_IDENTIFIER = com.jeanbarrossilva.pragma.PlansUI;
				PRODUCT_NAME = "$(TARGET_NAME:c99extidentifier)";
				SKIP_INSTALL = YES;
				STRING_CATALOG_GENERATE_SYMBOLS = YES;
				SWIFT_APPROACHABLE_CONCURRENCY = YES;
				SWIFT_EMIT_LOC_STRINGS = YES;
				SWIFT_INSTALL_MODULE = YES;
				SWIFT_INSTALL_OBJC_HEADER = NO;
				SWIFT_UPCOMING_FEATURE_MEMBER_IMPORT_VISIBILITY = YES;
				SWIFT_VERSION = 5.0;
				VERSIONING_SYSTEM = "apple-generic";
				VERSION_INFO_PREFIX = "";
			};
			name = Release;
		};
		4952C7502F0BF6AB00BFFB49 /* Debug */ = {
			isa = XCBuildConfiguration;
			buildSettings = {
				CODE_SIGN_STYLE = Automatic;
				CURRENT_PROJECT_VERSION = 1;
				DEVELOPMENT_TEAM = X5FKTSKM38;
				GENERATE_INFOPLIST_FILE = YES;
				MARKETING_VERSION = 1.0;
				PRODUCT_BUNDLE_IDENTIFIER = com.jeanbarrossilva.pragma.PlansUITests;
				PRODUCT_NAME = "$(TARGET_NAME)";
				STRING_CATALOG_GENERATE_SYMBOLS = NO;
				SWIFT_APPROACHABLE_CONCURRENCY = YES;
				SWIFT_EMIT_LOC_STRINGS = NO;
				SWIFT_UPCOMING_FEATURE_MEMBER_IMPORT_VISIBILITY = YES;
				SWIFT_VERSION = 5.0;
				TEST_HOST = "$(BUILT_PRODUCTS_DIR)/Pragma.app/$(BUNDLE_EXECUTABLE_FOLDER_PATH)/Pragma";
			};
			name = Debug;
		};
		4952C7512F0BF6AB00BFFB49 /* Release */ = {
			isa = XCBuildConfiguration;
			buildSettings = {
				CODE_SIGN_STYLE = Automatic;
				CURRENT_PROJECT_VERSION = 1;
				DEVELOPMENT_TEAM = X5FKTSKM38;
				GENERATE_INFOPLIST_FILE = YES;
				MARKETING_VERSION = 1.0;
				PRODUCT_BUNDLE_IDENTIFIER = com.jeanbarrossilva.pragma.PlansUITests;
				PRODUCT_NAME = "$(TARGET_NAME)";
				STRING_CATALOG_GENERATE_SYMBOLS = NO;
				SWIFT_APPROACHABLE_CONCURRENCY = YES;
				SWIFT_EMIT_LOC_STRINGS = NO;
				SWIFT_UPCOMING_FEATURE_MEMBER_IMPORT_VISIBILITY = YES;
				SWIFT_VERSION = 5.0;
				TEST_HOST = "$(BUILT_PRODUCTS_DIR)/Pragma.app/$(BUNDLE_EXECUTABLE_FOLDER_PATH)/Pragma";
			};
			name = Release;
		};
		4952C76F2F0C7C9900BFFB49 /* Debug */ = {
			isa = XCBuildConfiguration;
			buildSettings = {
				BUILD_LIBRARY_FOR_DISTRIBUTION = YES;
				CODE_SIGN_STYLE = Automatic;
				COMBINE_HIDPI_IMAGES = YES;
				CURRENT_PROJECT_VERSION = 1;
				DEVELOPMENT_TEAM = X5FKTSKM38;
				DYLIB_COMPATIBILITY_VERSION = 1;
				DYLIB_CURRENT_VERSION = 1;
				DYLIB_INSTALL_NAME_BASE = "@rpath";
				ENABLE_MODULE_VERIFIER = YES;
				GENERATE_INFOPLIST_FILE = YES;
				INFOPLIST_KEY_NSHumanReadableCopyright = "Copyright © 2026 Jean Silva. All rights reserved.";
				INSTALL_PATH = "$(LOCAL_LIBRARY_DIR)/Frameworks";
				LD_RUNPATH_SEARCH_PATHS = (
					"$(inherited)",
					"@executable_path/../Frameworks",
					"@loader_path/Frameworks",
				);
				MARKETING_VERSION = 1.0;
				MODULE_VERIFIER_SUPPORTED_LANGUAGES = "objective-c objective-c++";
				MODULE_VERIFIER_SUPPORTED_LANGUAGE_STANDARDS = "gnu17 gnu++20";
				PRODUCT_BUNDLE_IDENTIFIER = com.jeanbarrossilva.pragma.PlannerKit;
				PRODUCT_NAME = "$(TARGET_NAME:c99extidentifier)";
				SKIP_INSTALL = YES;
				STRING_CATALOG_GENERATE_SYMBOLS = YES;
				SWIFT_APPROACHABLE_CONCURRENCY = YES;
				SWIFT_EMIT_LOC_STRINGS = YES;
				SWIFT_INSTALL_MODULE = YES;
				SWIFT_INSTALL_OBJC_HEADER = NO;
				SWIFT_UPCOMING_FEATURE_MEMBER_IMPORT_VISIBILITY = YES;
				SWIFT_VERSION = 5.0;
				VERSIONING_SYSTEM = "apple-generic";
				VERSION_INFO_PREFIX = "";
			};
			name = Debug;
		};
		4952C7702F0C7C9900BFFB49 /* Release */ = {
			isa = XCBuildConfiguration;
			buildSettings = {
				BUILD_LIBRARY_FOR_DISTRIBUTION = YES;
				CODE_SIGN_STYLE = Automatic;
				COMBINE_HIDPI_IMAGES = YES;
				CURRENT_PROJECT_VERSION = 1;
				DEVELOPMENT_TEAM = X5FKTSKM38;
				DYLIB_COMPATIBILITY_VERSION = 1;
				DYLIB_CURRENT_VERSION = 1;
				DYLIB_INSTALL_NAME_BASE = "@rpath";
				ENABLE_MODULE_VERIFIER = YES;
				GENERATE_INFOPLIST_FILE = YES;
				INFOPLIST_KEY_NSHumanReadableCopyright = "Copyright © 2026 Jean Silva. All rights reserved.";
				INSTALL_PATH = "$(LOCAL_LIBRARY_DIR)/Frameworks";
				LD_RUNPATH_SEARCH_PATHS = (
					"$(inherited)",
					"@executable_path/../Frameworks",
					"@loader_path/Frameworks",
				);
				MARKETING_VERSION = 1.0;
				MODULE_VERIFIER_SUPPORTED_LANGUAGES = "objective-c objective-c++";
				MODULE_VERIFIER_SUPPORTED_LANGUAGE_STANDARDS = "gnu17 gnu++20";
				PRODUCT_BUNDLE_IDENTIFIER = com.jeanbarrossilva.pragma.PlannerKit;
				PRODUCT_NAME = "$(TARGET_NAME:c99extidentifier)";
				SKIP_INSTALL = YES;
				STRING_CATALOG_GENERATE_SYMBOLS = YES;
				SWIFT_APPROACHABLE_CONCURRENCY = YES;
				SWIFT_EMIT_LOC_STRINGS = YES;
				SWIFT_INSTALL_MODULE = YES;
				SWIFT_INSTALL_OBJC_HEADER = NO;
				SWIFT_UPCOMING_FEATURE_MEMBER_IMPORT_VISIBILITY = YES;
				SWIFT_VERSION = 5.0;
				VERSIONING_SYSTEM = "apple-generic";
				VERSION_INFO_PREFIX = "";
			};
			name = Release;
		};
		4952C7722F0C7C9900BFFB49 /* Debug */ = {
			isa = XCBuildConfiguration;
			buildSettings = {
				CODE_SIGN_STYLE = Automatic;
				CURRENT_PROJECT_VERSION = 1;
				DEVELOPMENT_TEAM = X5FKTSKM38;
				GENERATE_INFOPLIST_FILE = YES;
				MARKETING_VERSION = 1.0;
				PRODUCT_BUNDLE_IDENTIFIER = com.jeanbarrossilva.pragma.PlannerKitTests;
				PRODUCT_NAME = "$(TARGET_NAME)";
				STRING_CATALOG_GENERATE_SYMBOLS = NO;
				SWIFT_APPROACHABLE_CONCURRENCY = YES;
				SWIFT_EMIT_LOC_STRINGS = NO;
				SWIFT_INCLUDE_PATHS = "";
				SWIFT_UPCOMING_FEATURE_MEMBER_IMPORT_VISIBILITY = YES;
				SWIFT_VERSION = 5.0;
			};
			name = Debug;
		};
		4952C7732F0C7C9900BFFB49 /* Release */ = {
			isa = XCBuildConfiguration;
			buildSettings = {
				CODE_SIGN_STYLE = Automatic;
				CURRENT_PROJECT_VERSION = 1;
				DEVELOPMENT_TEAM = X5FKTSKM38;
				GENERATE_INFOPLIST_FILE = YES;
				MARKETING_VERSION = 1.0;
				PRODUCT_BUNDLE_IDENTIFIER = com.jeanbarrossilva.pragma.PlannerKitTests;
				PRODUCT_NAME = "$(TARGET_NAME)";
				STRING_CATALOG_GENERATE_SYMBOLS = NO;
				SWIFT_APPROACHABLE_CONCURRENCY = YES;
				SWIFT_EMIT_LOC_STRINGS = NO;
				SWIFT_INCLUDE_PATHS = "";
				SWIFT_UPCOMING_FEATURE_MEMBER_IMPORT_VISIBILITY = YES;
				SWIFT_VERSION = 5.0;
			};
			name = Release;
		};
		49DCA0D72F0A60F300274F58 /* Debug */ = {
			isa = XCBuildConfiguration;
			buildSettings = {
				ALWAYS_SEARCH_USER_PATHS = NO;
				ASSETCATALOG_COMPILER_GENERATE_SWIFT_ASSET_SYMBOL_EXTENSIONS = YES;
				CLANG_ANALYZER_NONNULL = YES;
				CLANG_ANALYZER_NUMBER_OBJECT_CONVERSION = YES_AGGRESSIVE;
				CLANG_CXX_LANGUAGE_STANDARD = "gnu++20";
				CLANG_ENABLE_MODULES = YES;
				CLANG_ENABLE_OBJC_ARC = YES;
				CLANG_ENABLE_OBJC_WEAK = YES;
				CLANG_WARN_BLOCK_CAPTURE_AUTORELEASING = YES;
				CLANG_WARN_BOOL_CONVERSION = YES;
				CLANG_WARN_COMMA = YES;
				CLANG_WARN_CONSTANT_CONVERSION = YES;
				CLANG_WARN_DEPRECATED_OBJC_IMPLEMENTATIONS = YES;
				CLANG_WARN_DIRECT_OBJC_ISA_USAGE = YES_ERROR;
				CLANG_WARN_DOCUMENTATION_COMMENTS = YES;
				CLANG_WARN_EMPTY_BODY = YES;
				CLANG_WARN_ENUM_CONVERSION = YES;
				CLANG_WARN_INFINITE_RECURSION = YES;
				CLANG_WARN_INT_CONVERSION = YES;
				CLANG_WARN_NON_LITERAL_NULL_CONVERSION = YES;
				CLANG_WARN_OBJC_IMPLICIT_RETAIN_SELF = YES;
				CLANG_WARN_OBJC_LITERAL_CONVERSION = YES;
				CLANG_WARN_OBJC_ROOT_CLASS = YES_ERROR;
				CLANG_WARN_QUOTED_INCLUDE_IN_FRAMEWORK_HEADER = YES;
				CLANG_WARN_RANGE_LOOP_ANALYSIS = YES;
				CLANG_WARN_STRICT_PROTOTYPES = YES;
				CLANG_WARN_SUSPICIOUS_MOVE = YES;
				CLANG_WARN_UNGUARDED_AVAILABILITY = YES_AGGRESSIVE;
				CLANG_WARN_UNREACHABLE_CODE = YES;
				CLANG_WARN__DUPLICATE_METHOD_MATCH = YES;
				COPY_PHASE_STRIP = NO;
				DEBUG_INFORMATION_FORMAT = dwarf;
				DEVELOPMENT_TEAM = X5FKTSKM38;
				ENABLE_STRICT_OBJC_MSGSEND = YES;
				ENABLE_TESTABILITY = YES;
				ENABLE_USER_SCRIPT_SANDBOXING = YES;
				GCC_C_LANGUAGE_STANDARD = gnu17;
				GCC_DYNAMIC_NO_PIC = NO;
				GCC_NO_COMMON_BLOCKS = YES;
				GCC_OPTIMIZATION_LEVEL = 0;
				GCC_PREPROCESSOR_DEFINITIONS = (
					"DEBUG=1",
					"$(inherited)",
				);
				GCC_WARN_64_TO_32_BIT_CONVERSION = YES;
				GCC_WARN_ABOUT_RETURN_TYPE = YES_ERROR;
				GCC_WARN_UNDECLARED_SELECTOR = YES;
				GCC_WARN_UNINITIALIZED_AUTOS = YES_AGGRESSIVE;
				GCC_WARN_UNUSED_FUNCTION = YES;
				GCC_WARN_UNUSED_VARIABLE = YES;
				LOCALIZATION_PREFERS_STRING_CATALOGS = YES;
				MACOSX_DEPLOYMENT_TARGET = 26.2;
				MTL_ENABLE_DEBUG_INFO = INCLUDE_SOURCE;
				MTL_FAST_MATH = YES;
				ONLY_ACTIVE_ARCH = YES;
				SDKROOT = macosx;
				SWIFT_ACTIVE_COMPILATION_CONDITIONS = "DEBUG $(inherited)";
				SWIFT_OPTIMIZATION_LEVEL = "-Onone";
				SWIFT_STRICT_CONCURRENCY = complete;
				SWIFT_STRICT_MEMORY_SAFETY = YES;
				SWIFT_VERSION = 6.0;
			};
			name = Debug;
		};
		49DCA0D82F0A60F300274F58 /* Release */ = {
			isa = XCBuildConfiguration;
			buildSettings = {
				ALWAYS_SEARCH_USER_PATHS = NO;
				ASSETCATALOG_COMPILER_GENERATE_SWIFT_ASSET_SYMBOL_EXTENSIONS = YES;
				CLANG_ANALYZER_NONNULL = YES;
				CLANG_ANALYZER_NUMBER_OBJECT_CONVERSION = YES_AGGRESSIVE;
				CLANG_CXX_LANGUAGE_STANDARD = "gnu++20";
				CLANG_ENABLE_MODULES = YES;
				CLANG_ENABLE_OBJC_ARC = YES;
				CLANG_ENABLE_OBJC_WEAK = YES;
				CLANG_WARN_BLOCK_CAPTURE_AUTORELEASING = YES;
				CLANG_WARN_BOOL_CONVERSION = YES;
				CLANG_WARN_COMMA = YES;
				CLANG_WARN_CONSTANT_CONVERSION = YES;
				CLANG_WARN_DEPRECATED_OBJC_IMPLEMENTATIONS = YES;
				CLANG_WARN_DIRECT_OBJC_ISA_USAGE = YES_ERROR;
				CLANG_WARN_DOCUMENTATION_COMMENTS = YES;
				CLANG_WARN_EMPTY_BODY = YES;
				CLANG_WARN_ENUM_CONVERSION = YES;
				CLANG_WARN_INFINITE_RECURSION = YES;
				CLANG_WARN_INT_CONVERSION = YES;
				CLANG_WARN_NON_LITERAL_NULL_CONVERSION = YES;
				CLANG_WARN_OBJC_IMPLICIT_RETAIN_SELF = YES;
				CLANG_WARN_OBJC_LITERAL_CONVERSION = YES;
				CLANG_WARN_OBJC_ROOT_CLASS = YES_ERROR;
				CLANG_WARN_QUOTED_INCLUDE_IN_FRAMEWORK_HEADER = YES;
				CLANG_WARN_RANGE_LOOP_ANALYSIS = YES;
				CLANG_WARN_STRICT_PROTOTYPES = YES;
				CLANG_WARN_SUSPICIOUS_MOVE = YES;
				CLANG_WARN_UNGUARDED_AVAILABILITY = YES_AGGRESSIVE;
				CLANG_WARN_UNREACHABLE_CODE = YES;
				CLANG_WARN__DUPLICATE_METHOD_MATCH = YES;
				COPY_PHASE_STRIP = NO;
				DEBUG_INFORMATION_FORMAT = "dwarf-with-dsym";
				DEVELOPMENT_TEAM = X5FKTSKM38;
				ENABLE_NS_ASSERTIONS = NO;
				ENABLE_STRICT_OBJC_MSGSEND = YES;
				ENABLE_USER_SCRIPT_SANDBOXING = YES;
				GCC_C_LANGUAGE_STANDARD = gnu17;
				GCC_NO_COMMON_BLOCKS = YES;
				GCC_WARN_64_TO_32_BIT_CONVERSION = YES;
				GCC_WARN_ABOUT_RETURN_TYPE = YES_ERROR;
				GCC_WARN_UNDECLARED_SELECTOR = YES;
				GCC_WARN_UNINITIALIZED_AUTOS = YES_AGGRESSIVE;
				GCC_WARN_UNUSED_FUNCTION = YES;
				GCC_WARN_UNUSED_VARIABLE = YES;
				LOCALIZATION_PREFERS_STRING_CATALOGS = YES;
				MACOSX_DEPLOYMENT_TARGET = 26.2;
				MTL_ENABLE_DEBUG_INFO = NO;
				MTL_FAST_MATH = YES;
				SDKROOT = macosx;
				SWIFT_COMPILATION_MODE = wholemodule;
				SWIFT_STRICT_CONCURRENCY = complete;
				SWIFT_STRICT_MEMORY_SAFETY = YES;
				SWIFT_VERSION = 6.0;
			};
			name = Release;
		};
		49DCA0DA2F0A60F300274F58 /* Debug */ = {
			isa = XCBuildConfiguration;
			buildSettings = {
				ASSETCATALOG_COMPILER_APPICON_NAME = AppIcon;
				ASSETCATALOG_COMPILER_GLOBAL_ACCENT_COLOR_NAME = AccentColor;
				CODE_SIGN_STYLE = Automatic;
				COMBINE_HIDPI_IMAGES = YES;
				CURRENT_PROJECT_VERSION = 1;
				DEVELOPMENT_TEAM = X5FKTSKM38;
				ENABLE_APP_SANDBOX = YES;
				ENABLE_HARDENED_RUNTIME = YES;
				ENABLE_PREVIEWS = YES;
				ENABLE_USER_SELECTED_FILES = readonly;
				GENERATE_INFOPLIST_FILE = YES;
				INFOPLIST_KEY_LSApplicationCategoryType = "public.app-category.productivity";
				INFOPLIST_KEY_NSHumanReadableCopyright = "";
				LD_RUNPATH_SEARCH_PATHS = (
					"$(inherited)",
					"@executable_path/../Frameworks",
				);
				MARKETING_VERSION = 1.0;
				PRODUCT_BUNDLE_IDENTIFIER = com.jeanbarrossilva.pragma.Pragma;
				PRODUCT_NAME = "$(TARGET_NAME)";
				REGISTER_APP_GROUPS = YES;
				STRING_CATALOG_GENERATE_SYMBOLS = YES;
				SWIFT_APPROACHABLE_CONCURRENCY = YES;
				SWIFT_DEFAULT_ACTOR_ISOLATION = MainActor;
				SWIFT_EMIT_LOC_STRINGS = YES;
				SWIFT_UPCOMING_FEATURE_MEMBER_IMPORT_VISIBILITY = YES;
				SWIFT_VERSION = 5.0;
			};
			name = Debug;
		};
		49DCA0DB2F0A60F300274F58 /* Release */ = {
			isa = XCBuildConfiguration;
			buildSettings = {
				ASSETCATALOG_COMPILER_APPICON_NAME = AppIcon;
				ASSETCATALOG_COMPILER_GLOBAL_ACCENT_COLOR_NAME = AccentColor;
				CODE_SIGN_STYLE = Automatic;
				COMBINE_HIDPI_IMAGES = YES;
				CURRENT_PROJECT_VERSION = 1;
				DEVELOPMENT_TEAM = X5FKTSKM38;
				ENABLE_APP_SANDBOX = YES;
				ENABLE_HARDENED_RUNTIME = YES;
				ENABLE_PREVIEWS = YES;
				ENABLE_USER_SELECTED_FILES = readonly;
				GENERATE_INFOPLIST_FILE = YES;
				INFOPLIST_KEY_LSApplicationCategoryType = "public.app-category.productivity";
				INFOPLIST_KEY_NSHumanReadableCopyright = "";
				LD_RUNPATH_SEARCH_PATHS = (
					"$(inherited)",
					"@executable_path/../Frameworks",
				);
				MARKETING_VERSION = 1.0;
				PRODUCT_BUNDLE_IDENTIFIER = com.jeanbarrossilva.pragma.Pragma;
				PRODUCT_NAME = "$(TARGET_NAME)";
				REGISTER_APP_GROUPS = YES;
				STRING_CATALOG_GENERATE_SYMBOLS = YES;
				SWIFT_APPROACHABLE_CONCURRENCY = YES;
				SWIFT_DEFAULT_ACTOR_ISOLATION = MainActor;
				SWIFT_EMIT_LOC_STRINGS = YES;
				SWIFT_UPCOMING_FEATURE_MEMBER_IMPORT_VISIBILITY = YES;
				SWIFT_VERSION = 5.0;
			};
			name = Release;
		};
		49DCA1022F0A679100274F58 /* Debug */ = {
			isa = XCBuildConfiguration;
			buildSettings = {
				BUILD_LIBRARY_FOR_DISTRIBUTION = YES;
				CODE_SIGN_STYLE = Automatic;
				COMBINE_HIDPI_IMAGES = YES;
				CURRENT_PROJECT_VERSION = 1;
				DEVELOPMENT_TEAM = X5FKTSKM38;
				DYLIB_COMPATIBILITY_VERSION = 1;
				DYLIB_CURRENT_VERSION = 1;
				DYLIB_INSTALL_NAME_BASE = "@rpath";
				ENABLE_MODULE_VERIFIER = YES;
				GENERATE_INFOPLIST_FILE = YES;
				INFOPLIST_KEY_NSHumanReadableCopyright = "Copyright © 2026 Jean Silva. All rights reserved.";
				INSTALL_PATH = "$(LOCAL_LIBRARY_DIR)/Frameworks";
				LD_RUNPATH_SEARCH_PATHS = (
					"$(inherited)",
					"@executable_path/../Frameworks",
					"@loader_path/Frameworks",
				);
				MARKETING_VERSION = 1.0;
				MODULE_VERIFIER_SUPPORTED_LANGUAGES = "objective-c objective-c++";
				MODULE_VERIFIER_SUPPORTED_LANGUAGE_STANDARDS = "gnu17 gnu++20";
				PRODUCT_BUNDLE_IDENTIFIER = com.jeanbarrossilva.pragma.CorePlanner;
				PRODUCT_NAME = "$(TARGET_NAME:c99extidentifier)";
				SKIP_INSTALL = YES;
				STRING_CATALOG_GENERATE_SYMBOLS = YES;
				SWIFT_APPROACHABLE_CONCURRENCY = YES;
				SWIFT_EMIT_LOC_STRINGS = YES;
				SWIFT_INSTALL_MODULE = YES;
				SWIFT_INSTALL_OBJC_HEADER = NO;
				SWIFT_UPCOMING_FEATURE_MEMBER_IMPORT_VISIBILITY = YES;
				SWIFT_VERSION = 5.0;
				VERSIONING_SYSTEM = "apple-generic";
				VERSION_INFO_PREFIX = "";
			};
			name = Debug;
		};
		49DCA1032F0A679100274F58 /* Release */ = {
			isa = XCBuildConfiguration;
			buildSettings = {
				BUILD_LIBRARY_FOR_DISTRIBUTION = YES;
				CODE_SIGN_STYLE = Automatic;
				COMBINE_HIDPI_IMAGES = YES;
				CURRENT_PROJECT_VERSION = 1;
				DEVELOPMENT_TEAM = X5FKTSKM38;
				DYLIB_COMPATIBILITY_VERSION = 1;
				DYLIB_CURRENT_VERSION = 1;
				DYLIB_INSTALL_NAME_BASE = "@rpath";
				ENABLE_MODULE_VERIFIER = YES;
				GENERATE_INFOPLIST_FILE = YES;
				INFOPLIST_KEY_NSHumanReadableCopyright = "Copyright © 2026 Jean Silva. All rights reserved.";
				INSTALL_PATH = "$(LOCAL_LIBRARY_DIR)/Frameworks";
				LD_RUNPATH_SEARCH_PATHS = (
					"$(inherited)",
					"@executable_path/../Frameworks",
					"@loader_path/Frameworks",
				);
				MARKETING_VERSION = 1.0;
				MODULE_VERIFIER_SUPPORTED_LANGUAGES = "objective-c objective-c++";
				MODULE_VERIFIER_SUPPORTED_LANGUAGE_STANDARDS = "gnu17 gnu++20";
				PRODUCT_BUNDLE_IDENTIFIER = com.jeanbarrossilva.pragma.CorePlanner;
				PRODUCT_NAME = "$(TARGET_NAME:c99extidentifier)";
				SKIP_INSTALL = YES;
				STRING_CATALOG_GENERATE_SYMBOLS = YES;
				SWIFT_APPROACHABLE_CONCURRENCY = YES;
				SWIFT_EMIT_LOC_STRINGS = YES;
				SWIFT_INSTALL_MODULE = YES;
				SWIFT_INSTALL_OBJC_HEADER = NO;
				SWIFT_UPCOMING_FEATURE_MEMBER_IMPORT_VISIBILITY = YES;
				SWIFT_VERSION = 5.0;
				VERSIONING_SYSTEM = "apple-generic";
				VERSION_INFO_PREFIX = "";
			};
			name = Release;
		};
		49DCA1052F0A679100274F58 /* Debug */ = {
			isa = XCBuildConfiguration;
			buildSettings = {
				CODE_SIGN_STYLE = Automatic;
				CURRENT_PROJECT_VERSION = 1;
				DEVELOPMENT_TEAM = X5FKTSKM38;
				GENERATE_INFOPLIST_FILE = YES;
				MARKETING_VERSION = 1.0;
				PRODUCT_BUNDLE_IDENTIFIER = com.jeanbarrossilva.pragma.CorePlannerTests;
				PRODUCT_NAME = "$(TARGET_NAME)";
				STRING_CATALOG_GENERATE_SYMBOLS = NO;
				SWIFT_APPROACHABLE_CONCURRENCY = YES;
				SWIFT_EMIT_LOC_STRINGS = NO;
				SWIFT_UPCOMING_FEATURE_MEMBER_IMPORT_VISIBILITY = YES;
				SWIFT_VERSION = 5.0;
			};
			name = Debug;
		};
		49DCA1062F0A679100274F58 /* Release */ = {
			isa = XCBuildConfiguration;
			buildSettings = {
				CODE_SIGN_STYLE = Automatic;
				CURRENT_PROJECT_VERSION = 1;
				DEVELOPMENT_TEAM = X5FKTSKM38;
				GENERATE_INFOPLIST_FILE = YES;
				MARKETING_VERSION = 1.0;
				PRODUCT_BUNDLE_IDENTIFIER = com.jeanbarrossilva.pragma.CorePlannerTests;
				PRODUCT_NAME = "$(TARGET_NAME)";
				STRING_CATALOG_GENERATE_SYMBOLS = NO;
				SWIFT_APPROACHABLE_CONCURRENCY = YES;
				SWIFT_EMIT_LOC_STRINGS = NO;
				SWIFT_UPCOMING_FEATURE_MEMBER_IMPORT_VISIBILITY = YES;
				SWIFT_VERSION = 5.0;
			};
			name = Release;
		};
/* End XCBuildConfiguration section */

/* Begin XCConfigurationList section */
		491005A52F10575300896DDF /* Build configuration list for PBXNativeTarget "PlannerUI" */ = {
			isa = XCConfigurationList;
			buildConfigurations = (
				491005A12F10575300896DDF /* Debug */,
				491005A22F10575300896DDF /* Release */,
			);
			defaultConfigurationIsVisible = 0;
			defaultConfigurationName = Release;
		};
		491005A62F10575300896DDF /* Build configuration list for PBXNativeTarget "PlannerUITests" */ = {
			isa = XCConfigurationList;
			buildConfigurations = (
				491005A32F10575300896DDF /* Debug */,
				491005A42F10575300896DDF /* Release */,
			);
			defaultConfigurationIsVisible = 0;
			defaultConfigurationName = Release;
		};
		4952C74B2F0BF6AB00BFFB49 /* Build configuration list for PBXNativeTarget "PlansUI" */ = {
			isa = XCConfigurationList;
			buildConfigurations = (
				4952C74C2F0BF6AB00BFFB49 /* Debug */,
				4952C74D2F0BF6AB00BFFB49 /* Release */,
			);
			defaultConfigurationIsVisible = 0;
			defaultConfigurationName = Release;
		};
		4952C74F2F0BF6AB00BFFB49 /* Build configuration list for PBXNativeTarget "PlansUITests" */ = {
			isa = XCConfigurationList;
			buildConfigurations = (
				4952C7502F0BF6AB00BFFB49 /* Debug */,
				4952C7512F0BF6AB00BFFB49 /* Release */,
			);
			defaultConfigurationIsVisible = 0;
			defaultConfigurationName = Release;
		};
		4952C76E2F0C7C9900BFFB49 /* Build configuration list for PBXNativeTarget "PlannerKit" */ = {
			isa = XCConfigurationList;
			buildConfigurations = (
				4952C76F2F0C7C9900BFFB49 /* Debug */,
				4952C7702F0C7C9900BFFB49 /* Release */,
			);
			defaultConfigurationIsVisible = 0;
			defaultConfigurationName = Release;
		};
		4952C7712F0C7C9900BFFB49 /* Build configuration list for PBXNativeTarget "PlannerKitTests" */ = {
			isa = XCConfigurationList;
			buildConfigurations = (
				4952C7722F0C7C9900BFFB49 /* Debug */,
				4952C7732F0C7C9900BFFB49 /* Release */,
			);
			defaultConfigurationIsVisible = 0;
			defaultConfigurationName = Release;
		};
		49DCA0C92F0A60F200274F58 /* Build configuration list for PBXProject "Pragma" */ = {
			isa = XCConfigurationList;
			buildConfigurations = (
				49DCA0D72F0A60F300274F58 /* Debug */,
				49DCA0D82F0A60F300274F58 /* Release */,
			);
			defaultConfigurationIsVisible = 0;
			defaultConfigurationName = Release;
		};
		49DCA0D92F0A60F300274F58 /* Build configuration list for PBXNativeTarget "Pragma" */ = {
			isa = XCConfigurationList;
			buildConfigurations = (
				49DCA0DA2F0A60F300274F58 /* Debug */,
				49DCA0DB2F0A60F300274F58 /* Release */,
			);
			defaultConfigurationIsVisible = 0;
			defaultConfigurationName = Release;
		};
		49DCA1012F0A679100274F58 /* Build configuration list for PBXNativeTarget "CorePlanner" */ = {
			isa = XCConfigurationList;
			buildConfigurations = (
				49DCA1022F0A679100274F58 /* Debug */,
				49DCA1032F0A679100274F58 /* Release */,
			);
			defaultConfigurationIsVisible = 0;
			defaultConfigurationName = Release;
		};
		49DCA1042F0A679100274F58 /* Build configuration list for PBXNativeTarget "CorePlannerTests" */ = {
			isa = XCConfigurationList;
			buildConfigurations = (
				49DCA1052F0A679100274F58 /* Debug */,
				49DCA1062F0A679100274F58 /* Release */,
			);
			defaultConfigurationIsVisible = 0;
			defaultConfigurationName = Release;
		};
/* End XCConfigurationList section */

/* Begin XCRemoteSwiftPackageReference section */
		495FB9932F19595300154BF5 /* XCRemoteSwiftPackageReference "swift-collections" */ = {
			isa = XCRemoteSwiftPackageReference;
			repositoryURL = "https://github.com/apple/swift-collections.git";
			requirement = {
				kind = upToNextMinorVersion;
				minimumVersion = 1.3.0;
			};
		};
/* End XCRemoteSwiftPackageReference section */

/* Begin XCSwiftPackageProductDependency section */
		495FB9942F19595300154BF5 /* Collections */ = {
			isa = XCSwiftPackageProductDependency;
			package = 495FB9932F19595300154BF5 /* XCRemoteSwiftPackageReference "swift-collections" */;
			productName = Collections;
		};
/* End XCSwiftPackageProductDependency section */
	};
	rootObject = 49DCA0C62F0A60F200274F58 /* Project object */;
}
